// !$*UTF8*$!
{
	archiveVersion = 1;
	classes = {
	};
	objectVersion = 55;
	objects = {

/* Begin PBXBuildFile section */
		BC6785CA2771217800445D62 /* SetupConstraints + DetailVC.swift in Sources */ = {isa = PBXBuildFile; fileRef = BC6785C92771217800445D62 /* SetupConstraints + DetailVC.swift */; };
		BC6785CD277122C400445D62 /* SetupContstraints + Cell.swift in Sources */ = {isa = PBXBuildFile; fileRef = BC6785CC277122C400445D62 /* SetupContstraints + Cell.swift */; };
		BC6785CF27713EC100445D62 /* GithubApiManager.swift in Sources */ = {isa = PBXBuildFile; fileRef = BC6785CE27713EC100445D62 /* GithubApiManager.swift */; };
		BC6785D22771598000445D62 /* BaseInitialProtocol.swift in Sources */ = {isa = PBXBuildFile; fileRef = BC6785D12771598000445D62 /* BaseInitialProtocol.swift */; };
		BC6785D4277162BE00445D62 /* SetDataFormat + DetailVM.swift in Sources */ = {isa = PBXBuildFile; fileRef = BC6785D3277162BE00445D62 /* SetDataFormat + DetailVM.swift */; };
		BCFA85FE276BAF5E009C6AA7 /* AppDelegate.swift in Sources */ = {isa = PBXBuildFile; fileRef = BCFA85FD276BAF5E009C6AA7 /* AppDelegate.swift */; };
		BCFA8602276BAF5E009C6AA7 /* RepositoriesViewController.swift in Sources */ = {isa = PBXBuildFile; fileRef = BCFA8601276BAF5E009C6AA7 /* RepositoriesViewController.swift */; };
		BCFA8607276BAF5F009C6AA7 /* Assets.xcassets in Resources */ = {isa = PBXBuildFile; fileRef = BCFA8606276BAF5F009C6AA7 /* Assets.xcassets */; };
		BCFA860A276BAF5F009C6AA7 /* LaunchScreen.storyboard in Resources */ = {isa = PBXBuildFile; fileRef = BCFA8608276BAF5F009C6AA7 /* LaunchScreen.storyboard */; };
		BCFA8619276BDBA4009C6AA7 /* RepositoriesViewCell.swift in Sources */ = {isa = PBXBuildFile; fileRef = BCFA8618276BDBA4009C6AA7 /* RepositoriesViewCell.swift */; };
		BCFA861B276C0475009C6AA7 /* RepositoriesViewModel.swift in Sources */ = {isa = PBXBuildFile; fileRef = BCFA861A276C0475009C6AA7 /* RepositoriesViewModel.swift */; };
		BCFA861E276C04C2009C6AA7 /* RepositoriesViewModelType.swift in Sources */ = {isa = PBXBuildFile; fileRef = BCFA861D276C04C2009C6AA7 /* RepositoriesViewModelType.swift */; };
		BCFA8620276C0606009C6AA7 /* RepositoriesViewCellViewModel.swift in Sources */ = {isa = PBXBuildFile; fileRef = BCFA861F276C0606009C6AA7 /* RepositoriesViewCellViewModel.swift */; };
		BCFA8622276C0680009C6AA7 /* RepositoriesCellViewModelType.swift in Sources */ = {isa = PBXBuildFile; fileRef = BCFA8621276C0680009C6AA7 /* RepositoriesCellViewModelType.swift */; };
		BCFA8626276C0D98009C6AA7 /* RepositoriesModel.swift in Sources */ = {isa = PBXBuildFile; fileRef = BCFA8625276C0D98009C6AA7 /* RepositoriesModel.swift */; };
		BCFA8639276EAADB009C6AA7 /* UIImageRequest.swift in Sources */ = {isa = PBXBuildFile; fileRef = BCFA8638276EAADB009C6AA7 /* UIImageRequest.swift */; };
		BCFA863B276EBE76009C6AA7 /* NetworkManager.swift in Sources */ = {isa = PBXBuildFile; fileRef = BCFA863A276EBE76009C6AA7 /* NetworkManager.swift */; };
		BCFA863D276EBEB3009C6AA7 /* NetworkDataFetch.swift in Sources */ = {isa = PBXBuildFile; fileRef = BCFA863C276EBEB3009C6AA7 /* NetworkDataFetch.swift */; };
		BCFA8647276FBB33009C6AA7 /* DetailViewController.swift in Sources */ = {isa = PBXBuildFile; fileRef = BCFA8646276FBB33009C6AA7 /* DetailViewController.swift */; };
		BCFA8649276FBD29009C6AA7 /* DetailViewModel.swift in Sources */ = {isa = PBXBuildFile; fileRef = BCFA8648276FBD29009C6AA7 /* DetailViewModel.swift */; };
		BCFA864B276FBD48009C6AA7 /* DetailViewModelType.swift in Sources */ = {isa = PBXBuildFile; fileRef = BCFA864A276FBD48009C6AA7 /* DetailViewModelType.swift */; };
		BCFA86502770AD83009C6AA7 /* CommitModel.swift in Sources */ = {isa = PBXBuildFile; fileRef = BCFA864F2770AD83009C6AA7 /* CommitModel.swift */; };
		EFCD87D010B1A9D262EA11E6 /* Pods_ListPublicRepositoriesWithGithub.framework in Frameworks */ = {isa = PBXBuildFile; fileRef = 7456D4B76E3CA7F43E58FDD1 /* Pods_ListPublicRepositoriesWithGithub.framework */; };
/* End PBXBuildFile section */

/* Begin PBXFileReference section */
		7456D4B76E3CA7F43E58FDD1 /* Pods_ListPublicRepositoriesWithGithub.framework */ = {isa = PBXFileReference; explicitFileType = wrapper.framework; includeInIndex = 0; path = Pods_ListPublicRepositoriesWithGithub.framework; sourceTree = BUILT_PRODUCTS_DIR; };
		9D60AE596953D7DE613C4994 /* Pods-ListPublicRepositoriesWithGithub.release.xcconfig */ = {isa = PBXFileReference; includeInIndex = 1; lastKnownFileType = text.xcconfig; name = "Pods-ListPublicRepositoriesWithGithub.release.xcconfig"; path = "Target Support Files/Pods-ListPublicRepositoriesWithGithub/Pods-ListPublicRepositoriesWithGithub.release.xcconfig"; sourceTree = "<group>"; };
		BC6785C92771217800445D62 /* SetupConstraints + DetailVC.swift */ = {isa = PBXFileReference; lastKnownFileType = sourcecode.swift; path = "SetupConstraints + DetailVC.swift"; sourceTree = "<group>"; };
		BC6785CC277122C400445D62 /* SetupContstraints + Cell.swift */ = {isa = PBXFileReference; lastKnownFileType = sourcecode.swift; path = "SetupContstraints + Cell.swift"; sourceTree = "<group>"; };
		BC6785CE27713EC100445D62 /* GithubApiManager.swift */ = {isa = PBXFileReference; lastKnownFileType = sourcecode.swift; path = GithubApiManager.swift; sourceTree = "<group>"; };
		BC6785D12771598000445D62 /* BaseInitialProtocol.swift */ = {isa = PBXFileReference; lastKnownFileType = sourcecode.swift; path = BaseInitialProtocol.swift; sourceTree = "<group>"; };
		BC6785D3277162BE00445D62 /* SetDataFormat + DetailVM.swift */ = {isa = PBXFileReference; lastKnownFileType = sourcecode.swift; path = "SetDataFormat + DetailVM.swift"; sourceTree = "<group>"; };
		BCFA85FA276BAF5E009C6AA7 /* ListPublicRepositoriesWithGithub.app */ = {isa = PBXFileReference; explicitFileType = wrapper.application; includeInIndex = 0; path = ListPublicRepositoriesWithGithub.app; sourceTree = BUILT_PRODUCTS_DIR; };
		BCFA85FD276BAF5E009C6AA7 /* AppDelegate.swift */ = {isa = PBXFileReference; lastKnownFileType = sourcecode.swift; path = AppDelegate.swift; sourceTree = "<group>"; };
		BCFA8601276BAF5E009C6AA7 /* RepositoriesViewController.swift */ = {isa = PBXFileReference; lastKnownFileType = sourcecode.swift; path = RepositoriesViewController.swift; sourceTree = "<group>"; };
		BCFA8606276BAF5F009C6AA7 /* Assets.xcassets */ = {isa = PBXFileReference; lastKnownFileType = folder.assetcatalog; path = Assets.xcassets; sourceTree = "<group>"; };
		BCFA8609276BAF5F009C6AA7 /* Base */ = {isa = PBXFileReference; lastKnownFileType = file.storyboard; name = Base; path = Base.lproj/LaunchScreen.storyboard; sourceTree = "<group>"; };
		BCFA860B276BAF5F009C6AA7 /* Info.plist */ = {isa = PBXFileReference; lastKnownFileType = text.plist.xml; path = Info.plist; sourceTree = "<group>"; };
		BCFA8618276BDBA4009C6AA7 /* RepositoriesViewCell.swift */ = {isa = PBXFileReference; lastKnownFileType = sourcecode.swift; path = RepositoriesViewCell.swift; sourceTree = "<group>"; };
		BCFA861A276C0475009C6AA7 /* RepositoriesViewModel.swift */ = {isa = PBXFileReference; lastKnownFileType = sourcecode.swift; path = RepositoriesViewModel.swift; sourceTree = "<group>"; };
		BCFA861D276C04C2009C6AA7 /* RepositoriesViewModelType.swift */ = {isa = PBXFileReference; lastKnownFileType = sourcecode.swift; path = RepositoriesViewModelType.swift; sourceTree = "<group>"; };
		BCFA861F276C0606009C6AA7 /* RepositoriesViewCellViewModel.swift */ = {isa = PBXFileReference; lastKnownFileType = sourcecode.swift; path = RepositoriesViewCellViewModel.swift; sourceTree = "<group>"; };
		BCFA8621276C0680009C6AA7 /* RepositoriesCellViewModelType.swift */ = {isa = PBXFileReference; lastKnownFileType = sourcecode.swift; path = RepositoriesCellViewModelType.swift; sourceTree = "<group>"; };
		BCFA8625276C0D98009C6AA7 /* RepositoriesModel.swift */ = {isa = PBXFileReference; lastKnownFileType = sourcecode.swift; path = RepositoriesModel.swift; sourceTree = "<group>"; };
		BCFA8638276EAADB009C6AA7 /* UIImageRequest.swift */ = {isa = PBXFileReference; lastKnownFileType = sourcecode.swift; path = UIImageRequest.swift; sourceTree = "<group>"; };
		BCFA863A276EBE76009C6AA7 /* NetworkManager.swift */ = {isa = PBXFileReference; lastKnownFileType = sourcecode.swift; path = NetworkManager.swift; sourceTree = "<group>"; };
		BCFA863C276EBEB3009C6AA7 /* NetworkDataFetch.swift */ = {isa = PBXFileReference; lastKnownFileType = sourcecode.swift; path = NetworkDataFetch.swift; sourceTree = "<group>"; };
		BCFA8646276FBB33009C6AA7 /* DetailViewController.swift */ = {isa = PBXFileReference; lastKnownFileType = sourcecode.swift; path = DetailViewController.swift; sourceTree = "<group>"; };
		BCFA8648276FBD29009C6AA7 /* DetailViewModel.swift */ = {isa = PBXFileReference; lastKnownFileType = sourcecode.swift; path = DetailViewModel.swift; sourceTree = "<group>"; };
		BCFA864A276FBD48009C6AA7 /* DetailViewModelType.swift */ = {isa = PBXFileReference; lastKnownFileType = sourcecode.swift; path = DetailViewModelType.swift; sourceTree = "<group>"; };
		BCFA864F2770AD83009C6AA7 /* CommitModel.swift */ = {isa = PBXFileReference; lastKnownFileType = sourcecode.swift; path = CommitModel.swift; sourceTree = "<group>"; };
		D29ED37F4706742433744432 /* Pods-ListPublicRepositoriesWithGithub.debug.xcconfig */ = {isa = PBXFileReference; includeInIndex = 1; lastKnownFileType = text.xcconfig; name = "Pods-ListPublicRepositoriesWithGithub.debug.xcconfig"; path = "Target Support Files/Pods-ListPublicRepositoriesWithGithub/Pods-ListPublicRepositoriesWithGithub.debug.xcconfig"; sourceTree = "<group>"; };
/* End PBXFileReference section */

/* Begin PBXFrameworksBuildPhase section */
		BCFA85F7276BAF5E009C6AA7 /* Frameworks */ = {
			isa = PBXFrameworksBuildPhase;
			buildActionMask = 2147483647;
			files = (
				EFCD87D010B1A9D262EA11E6 /* Pods_ListPublicRepositoriesWithGithub.framework in Frameworks */,
			);
			runOnlyForDeploymentPostprocessing = 0;
		};
/* End PBXFrameworksBuildPhase section */

/* Begin PBXGroup section */
		65B8A124BEF1F3BF952FB737 /* Frameworks */ = {
			isa = PBXGroup;
			children = (
				7456D4B76E3CA7F43E58FDD1 /* Pods_ListPublicRepositoriesWithGithub.framework */,
			);
			name = Frameworks;
			sourceTree = "<group>";
		};
		ABE4600CEF48A70C01C71061 /* Pods */ = {
			isa = PBXGroup;
			children = (
				D29ED37F4706742433744432 /* Pods-ListPublicRepositoriesWithGithub.debug.xcconfig */,
				9D60AE596953D7DE613C4994 /* Pods-ListPublicRepositoriesWithGithub.release.xcconfig */,
			);
			path = Pods;
			sourceTree = "<group>";
		};
		BC6785C82771215100445D62 /* Extension */ = {
			isa = PBXGroup;
			children = (
				BC6785C92771217800445D62 /* SetupConstraints + DetailVC.swift */,
				BC6785D3277162BE00445D62 /* SetDataFormat + DetailVM.swift */,
			);
			path = Extension;
			sourceTree = "<group>";
		};
		BC6785CB277122A200445D62 /* Extension */ = {
			isa = PBXGroup;
			children = (
				BC6785CC277122C400445D62 /* SetupContstraints + Cell.swift */,
			);
			path = Extension;
			sourceTree = "<group>";
		};
		BC6785D02771596400445D62 /* Protocol */ = {
			isa = PBXGroup;
			children = (
				BC6785D12771598000445D62 /* BaseInitialProtocol.swift */,
			);
			path = Protocol;
			sourceTree = "<group>";
		};
		BCFA85F1276BAF5E009C6AA7 = {
			isa = PBXGroup;
			children = (
				BCFA85FC276BAF5E009C6AA7 /* ListPublicRepositoriesWithGithub */,
				BCFA85FB276BAF5E009C6AA7 /* Products */,
				ABE4600CEF48A70C01C71061 /* Pods */,
				65B8A124BEF1F3BF952FB737 /* Frameworks */,
			);
			sourceTree = "<group>";
		};
		BCFA85FB276BAF5E009C6AA7 /* Products */ = {
			isa = PBXGroup;
			children = (
				BCFA85FA276BAF5E009C6AA7 /* ListPublicRepositoriesWithGithub.app */,
			);
			name = Products;
			sourceTree = "<group>";
		};
		BCFA85FC276BAF5E009C6AA7 /* ListPublicRepositoriesWithGithub */ = {
			isa = PBXGroup;
			children = (
				BC6785D02771596400445D62 /* Protocol */,
				BCFA86512770BC94009C6AA7 /* Controllers */,
				BCFA8627276C182D009C6AA7 /* Services */,
				BCFA8637276EAAC5009C6AA7 /* Extensions */,
				BCFA85FD276BAF5E009C6AA7 /* AppDelegate.swift */,
				BCFA8606276BAF5F009C6AA7 /* Assets.xcassets */,
				BCFA8608276BAF5F009C6AA7 /* LaunchScreen.storyboard */,
				BCFA860B276BAF5F009C6AA7 /* Info.plist */,
			);
			path = ListPublicRepositoriesWithGithub;
			sourceTree = "<group>";
		};
		BCFA8611276BAF83009C6AA7 /* Controller */ = {
			isa = PBXGroup;
			children = (
				BCFA8601276BAF5E009C6AA7 /* RepositoriesViewController.swift */,
			);
			path = Controller;
			sourceTree = "<group>";
		};
		BCFA8612276BAF8D009C6AA7 /* Views */ = {
			isa = PBXGroup;
			children = (
				BCFA8611276BAF83009C6AA7 /* Controller */,
				BCFA8617276BDB8C009C6AA7 /* Cell */,
			);
			path = Views;
			sourceTree = "<group>";
		};
		BCFA8613276BAF93009C6AA7 /* ViewModels */ = {
			isa = PBXGroup;
			children = (
				BCFA861A276C0475009C6AA7 /* RepositoriesViewModel.swift */,
				BCFA861F276C0606009C6AA7 /* RepositoriesViewCellViewModel.swift */,
			);
			path = ViewModels;
			sourceTree = "<group>";
		};
		BCFA8614276BAFA4009C6AA7 /* Model */ = {
			isa = PBXGroup;
			children = (
				BCFA8625276C0D98009C6AA7 /* RepositoriesModel.swift */,
			);
			path = Model;
			sourceTree = "<group>";
		};
		BCFA8617276BDB8C009C6AA7 /* Cell */ = {
			isa = PBXGroup;
			children = (
				BCFA8618276BDBA4009C6AA7 /* RepositoriesViewCell.swift */,
			);
			path = Cell;
			sourceTree = "<group>";
		};
		BCFA861C276C04A8009C6AA7 /* Protocols */ = {
			isa = PBXGroup;
			children = (
				BCFA861D276C04C2009C6AA7 /* RepositoriesViewModelType.swift */,
				BCFA8621276C0680009C6AA7 /* RepositoriesCellViewModelType.swift */,
			);
			path = Protocols;
			sourceTree = "<group>";
		};
		BCFA8627276C182D009C6AA7 /* Services */ = {
			isa = PBXGroup;
			children = (
				BCFA863A276EBE76009C6AA7 /* NetworkManager.swift */,
				BCFA863C276EBEB3009C6AA7 /* NetworkDataFetch.swift */,
				BC6785CE27713EC100445D62 /* GithubApiManager.swift */,
			);
			path = Services;
			sourceTree = "<group>";
		};
		BCFA8637276EAAC5009C6AA7 /* Extensions */ = {
			isa = PBXGroup;
			children = (
				BCFA8638276EAADB009C6AA7 /* UIImageRequest.swift */,
			);
			path = Extensions;
			sourceTree = "<group>";
		};
		BCFA8641276FBA30009C6AA7 /* ListOfRepositoriesVC */ = {
			isa = PBXGroup;
			children = (
				BC6785CB277122A200445D62 /* Extension */,
				BCFA8614276BAFA4009C6AA7 /* Model */,
				BCFA8612276BAF8D009C6AA7 /* Views */,
				BCFA8613276BAF93009C6AA7 /* ViewModels */,
				BCFA861C276C04A8009C6AA7 /* Protocols */,
			);
			path = ListOfRepositoriesVC;
			sourceTree = "<group>";
		};
		BCFA8642276FBA6C009C6AA7 /* DetailVC */ = {
			isa = PBXGroup;
			children = (
				BC6785C82771215100445D62 /* Extension */,
				BCFA864E2770AD13009C6AA7 /* Model */,
				BCFA8643276FBA88009C6AA7 /* Views */,
				BCFA8644276FBAA7009C6AA7 /* ViewModel */,
				BCFA8645276FBAC0009C6AA7 /* Protocol */,
			);
			path = DetailVC;
			sourceTree = "<group>";
		};
		BCFA8643276FBA88009C6AA7 /* Views */ = {
			isa = PBXGroup;
			children = (
				BCFA8646276FBB33009C6AA7 /* DetailViewController.swift */,
			);
			path = Views;
			sourceTree = "<group>";
		};
		BCFA8644276FBAA7009C6AA7 /* ViewModel */ = {
			isa = PBXGroup;
			children = (
				BCFA8648276FBD29009C6AA7 /* DetailViewModel.swift */,
			);
			path = ViewModel;
			sourceTree = "<group>";
		};
		BCFA8645276FBAC0009C6AA7 /* Protocol */ = {
			isa = PBXGroup;
			children = (
				BCFA864A276FBD48009C6AA7 /* DetailViewModelType.swift */,
			);
			path = Protocol;
			sourceTree = "<group>";
		};
		BCFA864E2770AD13009C6AA7 /* Model */ = {
			isa = PBXGroup;
			children = (
				BCFA864F2770AD83009C6AA7 /* CommitModel.swift */,
			);
			path = Model;
			sourceTree = "<group>";
		};
		BCFA86512770BC94009C6AA7 /* Controllers */ = {
			isa = PBXGroup;
			children = (
				BCFA8642276FBA6C009C6AA7 /* DetailVC */,
				BCFA8641276FBA30009C6AA7 /* ListOfRepositoriesVC */,
			);
			path = Controllers;
			sourceTree = "<group>";
		};
/* End PBXGroup section */

/* Begin PBXNativeTarget section */
		BCFA85F9276BAF5E009C6AA7 /* ListPublicRepositoriesWithGithub */ = {
			isa = PBXNativeTarget;
			buildConfigurationList = BCFA860E276BAF5F009C6AA7 /* Build configuration list for PBXNativeTarget "ListPublicRepositoriesWithGithub" */;
			buildPhases = (
				FDFDF9082F5BBBE5609AED8C /* [CP] Check Pods Manifest.lock */,
				BCFA85F6276BAF5E009C6AA7 /* Sources */,
				BCFA85F7276BAF5E009C6AA7 /* Frameworks */,
				BCFA85F8276BAF5E009C6AA7 /* Resources */,
				1A1E8F70985A257235236633 /* [CP] Embed Pods Frameworks */,
			);
			buildRules = (
			);
			dependencies = (
			);
			name = ListPublicRepositoriesWithGithub;
			productName = ListPublicRepositoriesWithGithub;
			productReference = BCFA85FA276BAF5E009C6AA7 /* ListPublicRepositoriesWithGithub.app */;
			productType = "com.apple.product-type.application";
		};
/* End PBXNativeTarget section */

/* Begin PBXProject section */
		BCFA85F2276BAF5E009C6AA7 /* Project object */ = {
			isa = PBXProject;
			attributes = {
				BuildIndependentTargetsInParallel = 1;
				LastSwiftUpdateCheck = 1310;
				LastUpgradeCheck = 1310;
				TargetAttributes = {
					BCFA85F9276BAF5E009C6AA7 = {
						CreatedOnToolsVersion = 13.1;
					};
				};
			};
			buildConfigurationList = BCFA85F5276BAF5E009C6AA7 /* Build configuration list for PBXProject "ListPublicRepositoriesWithGithub" */;
			compatibilityVersion = "Xcode 13.0";
			developmentRegion = en;
			hasScannedForEncodings = 0;
			knownRegions = (
				en,
				Base,
			);
			mainGroup = BCFA85F1276BAF5E009C6AA7;
			productRefGroup = BCFA85FB276BAF5E009C6AA7 /* Products */;
			projectDirPath = "";
			projectRoot = "";
			targets = (
				BCFA85F9276BAF5E009C6AA7 /* ListPublicRepositoriesWithGithub */,
			);
		};
/* End PBXProject section */

/* Begin PBXResourcesBuildPhase section */
		BCFA85F8276BAF5E009C6AA7 /* Resources */ = {
			isa = PBXResourcesBuildPhase;
			buildActionMask = 2147483647;
			files = (
				BCFA860A276BAF5F009C6AA7 /* LaunchScreen.storyboard in Resources */,
				BCFA8607276BAF5F009C6AA7 /* Assets.xcassets in Resources */,
			);
			runOnlyForDeploymentPostprocessing = 0;
		};
/* End PBXResourcesBuildPhase section */

/* Begin PBXShellScriptBuildPhase section */
		1A1E8F70985A257235236633 /* [CP] Embed Pods Frameworks */ = {
			isa = PBXShellScriptBuildPhase;
			buildActionMask = 2147483647;
			files = (
			);
			inputFileListPaths = (
				"${PODS_ROOT}/Target Support Files/Pods-ListPublicRepositoriesWithGithub/Pods-ListPublicRepositoriesWithGithub-frameworks-${CONFIGURATION}-input-files.xcfilelist",
			);
			name = "[CP] Embed Pods Frameworks";
			outputFileListPaths = (
				"${PODS_ROOT}/Target Support Files/Pods-ListPublicRepositoriesWithGithub/Pods-ListPublicRepositoriesWithGithub-frameworks-${CONFIGURATION}-output-files.xcfilelist",
			);
			runOnlyForDeploymentPostprocessing = 0;
			shellPath = /bin/sh;
			shellScript = "\"${PODS_ROOT}/Target Support Files/Pods-ListPublicRepositoriesWithGithub/Pods-ListPublicRepositoriesWithGithub-frameworks.sh\"\n";
			showEnvVarsInLog = 0;
		};
		FDFDF9082F5BBBE5609AED8C /* [CP] Check Pods Manifest.lock */ = {
			isa = PBXShellScriptBuildPhase;
			buildActionMask = 2147483647;
			files = (
			);
			inputFileListPaths = (
			);
			inputPaths = (
				"${PODS_PODFILE_DIR_PATH}/Podfile.lock",
				"${PODS_ROOT}/Manifest.lock",
			);
			name = "[CP] Check Pods Manifest.lock";
			outputFileListPaths = (
			);
			outputPaths = (
				"$(DERIVED_FILE_DIR)/Pods-ListPublicRepositoriesWithGithub-checkManifestLockResult.txt",
			);
			runOnlyForDeploymentPostprocessing = 0;
			shellPath = /bin/sh;
			shellScript = "diff \"${PODS_PODFILE_DIR_PATH}/Podfile.lock\" \"${PODS_ROOT}/Manifest.lock\" > /dev/null\nif [ $? != 0 ] ; then\n    # print error to STDERR\n    echo \"error: The sandbox is not in sync with the Podfile.lock. Run 'pod install' or update your CocoaPods installation.\" >&2\n    exit 1\nfi\n# This output is used by Xcode 'outputs' to avoid re-running this script phase.\necho \"SUCCESS\" > \"${SCRIPT_OUTPUT_FILE_0}\"\n";
			showEnvVarsInLog = 0;
		};
/* End PBXShellScriptBuildPhase section */

/* Begin PBXSourcesBuildPhase section */
		BCFA85F6276BAF5E009C6AA7 /* Sources */ = {
			isa = PBXSourcesBuildPhase;
			buildActionMask = 2147483647;
			files = (
				BC6785CD277122C400445D62 /* SetupContstraints + Cell.swift in Sources */,
				BCFA8619276BDBA4009C6AA7 /* RepositoriesViewCell.swift in Sources */,
				BCFA8620276C0606009C6AA7 /* RepositoriesViewCellViewModel.swift in Sources */,
				BCFA863D276EBEB3009C6AA7 /* NetworkDataFetch.swift in Sources */,
				BCFA864B276FBD48009C6AA7 /* DetailViewModelType.swift in Sources */,
				BC6785D22771598000445D62 /* BaseInitialProtocol.swift in Sources */,
				BC6785CF27713EC100445D62 /* GithubApiManager.swift in Sources */,
				BC6785CA2771217800445D62 /* SetupConstraints + DetailVC.swift in Sources */,
				BCFA8647276FBB33009C6AA7 /* DetailViewController.swift in Sources */,
				BC6785D4277162BE00445D62 /* SetDataFormat + DetailVM.swift in Sources */,
				BCFA8602276BAF5E009C6AA7 /* RepositoriesViewController.swift in Sources */,
				BCFA8626276C0D98009C6AA7 /* RepositoriesModel.swift in Sources */,
				BCFA861E276C04C2009C6AA7 /* RepositoriesViewModelType.swift in Sources */,
				BCFA861B276C0475009C6AA7 /* RepositoriesViewModel.swift in Sources */,
				BCFA86502770AD83009C6AA7 /* CommitModel.swift in Sources */,
				BCFA8622276C0680009C6AA7 /* RepositoriesCellViewModelType.swift in Sources */,
				BCFA8649276FBD29009C6AA7 /* DetailViewModel.swift in Sources */,
				BCFA863B276EBE76009C6AA7 /* NetworkManager.swift in Sources */,
				BCFA8639276EAADB009C6AA7 /* UIImageRequest.swift in Sources */,
				BCFA85FE276BAF5E009C6AA7 /* AppDelegate.swift in Sources */,
			);
			runOnlyForDeploymentPostprocessing = 0;
		};
/* End PBXSourcesBuildPhase section */

/* Begin PBXVariantGroup section */
		BCFA8608276BAF5F009C6AA7 /* LaunchScreen.storyboard */ = {
			isa = PBXVariantGroup;
			children = (
				BCFA8609276BAF5F009C6AA7 /* Base */,
			);
			name = LaunchScreen.storyboard;
			sourceTree = "<group>";
		};
/* End PBXVariantGroup section */

/* Begin XCBuildConfiguration section */
		BCFA860C276BAF5F009C6AA7 /* Debug */ = {
			isa = XCBuildConfiguration;
			buildSettings = {
				ALWAYS_SEARCH_USER_PATHS = NO;
				CLANG_ANALYZER_NONNULL = YES;
				CLANG_ANALYZER_NUMBER_OBJECT_CONVERSION = YES_AGGRESSIVE;
				CLANG_CXX_LANGUAGE_STANDARD = "gnu++17";
				CLANG_CXX_LIBRARY = "libc++";
				CLANG_ENABLE_MODULES = YES;
				CLANG_ENABLE_OBJC_ARC = YES;
				CLANG_ENABLE_OBJC_WEAK = YES;
				CLANG_WARN_BLOCK_CAPTURE_AUTORELEASING = YES;
				CLANG_WARN_BOOL_CONVERSION = YES;
				CLANG_WARN_COMMA = YES;
				CLANG_WARN_CONSTANT_CONVERSION = YES;
				CLANG_WARN_DEPRECATED_OBJC_IMPLEMENTATIONS = YES;
				CLANG_WARN_DIRECT_OBJC_ISA_USAGE = YES_ERROR;
				CLANG_WARN_DOCUMENTATION_COMMENTS = YES;
				CLANG_WARN_EMPTY_BODY = YES;
				CLANG_WARN_ENUM_CONVERSION = YES;
				CLANG_WARN_INFINITE_RECURSION = YES;
				CLANG_WARN_INT_CONVERSION = YES;
				CLANG_WARN_NON_LITERAL_NULL_CONVERSION = YES;
				CLANG_WARN_OBJC_IMPLICIT_RETAIN_SELF = YES;
				CLANG_WARN_OBJC_LITERAL_CONVERSION = YES;
				CLANG_WARN_OBJC_ROOT_CLASS = YES_ERROR;
				CLANG_WARN_QUOTED_INCLUDE_IN_FRAMEWORK_HEADER = YES;
				CLANG_WARN_RANGE_LOOP_ANALYSIS = YES;
				CLANG_WARN_STRICT_PROTOTYPES = YES;
				CLANG_WARN_SUSPICIOUS_MOVE = YES;
				CLANG_WARN_UNGUARDED_AVAILABILITY = YES_AGGRESSIVE;
				CLANG_WARN_UNREACHABLE_CODE = YES;
				CLANG_WARN__DUPLICATE_METHOD_MATCH = YES;
				COPY_PHASE_STRIP = NO;
				DEBUG_INFORMATION_FORMAT = dwarf;
				ENABLE_STRICT_OBJC_MSGSEND = YES;
				ENABLE_TESTABILITY = YES;
				GCC_C_LANGUAGE_STANDARD = gnu11;
				GCC_DYNAMIC_NO_PIC = NO;
				GCC_NO_COMMON_BLOCKS = YES;
				GCC_OPTIMIZATION_LEVEL = 0;
				GCC_PREPROCESSOR_DEFINITIONS = (
					"DEBUG=1",
					"$(inherited)",
				);
				GCC_WARN_64_TO_32_BIT_CONVERSION = YES;
				GCC_WARN_ABOUT_RETURN_TYPE = YES_ERROR;
				GCC_WARN_UNDECLARED_SELECTOR = YES;
				GCC_WARN_UNINITIALIZED_AUTOS = YES_AGGRESSIVE;
				GCC_WARN_UNUSED_FUNCTION = YES;
				GCC_WARN_UNUSED_VARIABLE = YES;
				IPHONEOS_DEPLOYMENT_TARGET = 15.0;
				MTL_ENABLE_DEBUG_INFO = INCLUDE_SOURCE;
				MTL_FAST_MATH = YES;
				ONLY_ACTIVE_ARCH = YES;
				SDKROOT = iphoneos;
				SWIFT_ACTIVE_COMPILATION_CONDITIONS = DEBUG;
				SWIFT_OPTIMIZATION_LEVEL = "-Onone";
			};
			name = Debug;
		};
		BCFA860D276BAF5F009C6AA7 /* Release */ = {
			isa = XCBuildConfiguration;
			buildSettings = {
				ALWAYS_SEARCH_USER_PATHS = NO;
				CLANG_ANALYZER_NONNULL = YES;
				CLANG_ANALYZER_NUMBER_OBJECT_CONVERSION = YES_AGGRESSIVE;
				CLANG_CXX_LANGUAGE_STANDARD = "gnu++17";
				CLANG_CXX_LIBRARY = "libc++";
				CLANG_ENABLE_MODULES = YES;
				CLANG_ENABLE_OBJC_ARC = YES;
				CLANG_ENABLE_OBJC_WEAK = YES;
				CLANG_WARN_BLOCK_CAPTURE_AUTORELEASING = YES;
				CLANG_WARN_BOOL_CONVERSION = YES;
				CLANG_WARN_COMMA = YES;
				CLANG_WARN_CONSTANT_CONVERSION = YES;
				CLANG_WARN_DEPRECATED_OBJC_IMPLEMENTATIONS = YES;
				CLANG_WARN_DIRECT_OBJC_ISA_USAGE = YES_ERROR;
				CLANG_WARN_DOCUMENTATION_COMMENTS = YES;
				CLANG_WARN_EMPTY_BODY = YES;
				CLANG_WARN_ENUM_CONVERSION = YES;
				CLANG_WARN_INFINITE_RECURSION = YES;
				CLANG_WARN_INT_CONVERSION = YES;
				CLANG_WARN_NON_LITERAL_NULL_CONVERSION = YES;
				CLANG_WARN_OBJC_IMPLICIT_RETAIN_SELF = YES;
				CLANG_WARN_OBJC_LITERAL_CONVERSION = YES;
				CLANG_WARN_OBJC_ROOT_CLASS = YES_ERROR;
				CLANG_WARN_QUOTED_INCLUDE_IN_FRAMEWORK_HEADER = YES;
				CLANG_WARN_RANGE_LOOP_ANALYSIS = YES;
				CLANG_WARN_STRICT_PROTOTYPES = YES;
				CLANG_WARN_SUSPICIOUS_MOVE = YES;
				CLANG_WARN_UNGUARDED_AVAILABILITY = YES_AGGRESSIVE;
				CLANG_WARN_UNREACHABLE_CODE = YES;
				CLANG_WARN__DUPLICATE_METHOD_MATCH = YES;
				COPY_PHASE_STRIP = NO;
				DEBUG_INFORMATION_FORMAT = "dwarf-with-dsym";
				ENABLE_NS_ASSERTIONS = NO;
				ENABLE_STRICT_OBJC_MSGSEND = YES;
				GCC_C_LANGUAGE_STANDARD = gnu11;
				GCC_NO_COMMON_BLOCKS = YES;
				GCC_WARN_64_TO_32_BIT_CONVERSION = YES;
				GCC_WARN_ABOUT_RETURN_TYPE = YES_ERROR;
				GCC_WARN_UNDECLARED_SELECTOR = YES;
				GCC_WARN_UNINITIALIZED_AUTOS = YES_AGGRESSIVE;
				GCC_WARN_UNUSED_FUNCTION = YES;
				GCC_WARN_UNUSED_VARIABLE = YES;
				IPHONEOS_DEPLOYMENT_TARGET = 15.0;
				MTL_ENABLE_DEBUG_INFO = NO;
				MTL_FAST_MATH = YES;
				SDKROOT = iphoneos;
				SWIFT_COMPILATION_MODE = wholemodule;
				SWIFT_OPTIMIZATION_LEVEL = "-O";
				VALIDATE_PRODUCT = YES;
			};
			name = Release;
		};
		BCFA860F276BAF5F009C6AA7 /* Debug */ = {
			isa = XCBuildConfiguration;
			baseConfigurationReference = D29ED37F4706742433744432 /* Pods-ListPublicRepositoriesWithGithub.debug.xcconfig */;
			buildSettings = {
				ASSETCATALOG_COMPILER_APPICON_NAME = AppIcon;
				ASSETCATALOG_COMPILER_GLOBAL_ACCENT_COLOR_NAME = AccentColor;
				CODE_SIGN_STYLE = Automatic;
				CURRENT_PROJECT_VERSION = 1;
				DEVELOPMENT_TEAM = W5N8F8RRR8;
				GENERATE_INFOPLIST_FILE = YES;
				INFOPLIST_FILE = ListPublicRepositoriesWithGithub/Info.plist;
				INFOPLIST_KEY_UIApplicationSupportsIndirectInputEvents = YES;
				INFOPLIST_KEY_UILaunchStoryboardName = LaunchScreen;
				INFOPLIST_KEY_UISupportedInterfaceOrientations_iPad = "UIInterfaceOrientationPortrait UIInterfaceOrientationPortraitUpsideDown UIInterfaceOrientationLandscapeLeft UIInterfaceOrientationLandscapeRight";
				INFOPLIST_KEY_UISupportedInterfaceOrientations_iPhone = "UIInterfaceOrientationPortrait UIInterfaceOrientationLandscapeLeft UIInterfaceOrientationLandscapeRight";
				IPHONEOS_DEPLOYMENT_TARGET = 12.0;
				LD_RUNPATH_SEARCH_PATHS = (
					"$(inherited)",
					"@executable_path/Frameworks",
				);
				MARKETING_VERSION = 1.0;
				PRODUCT_BUNDLE_IDENTIFIER = My.ListPublicRepositoriesWithGithub;
				PRODUCT_NAME = "$(TARGET_NAME)";
				SWIFT_EMIT_LOC_STRINGS = YES;
				SWIFT_VERSION = 5.0;
				TARGETED_DEVICE_FAMILY = "1,2";
			};
			name = Debug;
		};
		BCFA8610276BAF5F009C6AA7 /* Release */ = {
			isa = XCBuildConfiguration;
			baseConfigurationReference = 9D60AE596953D7DE613C4994 /* Pods-ListPublicRepositoriesWithGithub.release.xcconfig */;
			buildSettings = {
				ASSETCATALOG_COMPILER_APPICON_NAME = AppIcon;
				ASSETCATALOG_COMPILER_GLOBAL_ACCENT_COLOR_NAME = AccentColor;
				CODE_SIGN_STYLE = Automatic;
				CURRENT_PROJECT_VERSION = 1;
				DEVELOPMENT_TEAM = W5N8F8RRR8;
				GENERATE_INFOPLIST_FILE = YES;
				INFOPLIST_FILE = ListPublicRepositoriesWithGithub/Info.plist;
				INFOPLIST_KEY_UIApplicationSupportsIndirectInputEvents = YES;
				INFOPLIST_KEY_UILaunchStoryboardName = LaunchScreen;
				INFOPLIST_KEY_UISupportedInterfaceOrientations_iPad = "UIInterfaceOrientationPortrait UIInterfaceOrientationPortraitUpsideDown UIInterfaceOrientationLandscapeLeft UIInterfaceOrientationLandscapeRight";
				INFOPLIST_KEY_UISupportedInterfaceOrientations_iPhone = "UIInterfaceOrientationPortrait UIInterfaceOrientationLandscapeLeft UIInterfaceOrientationLandscapeRight";
				IPHONEOS_DEPLOYMENT_TARGET = 12.0;
				LD_RUNPATH_SEARCH_PATHS = (
					"$(inherited)",
					"@executable_path/Frameworks",
				);
				MARKETING_VERSION = 1.0;
				PRODUCT_BUNDLE_IDENTIFIER = My.ListPublicRepositoriesWithGithub;
				PRODUCT_NAME = "$(TARGET_NAME)";
				SWIFT_EMIT_LOC_STRINGS = YES;
				SWIFT_VERSION = 5.0;
				TARGETED_DEVICE_FAMILY = "1,2";
			};
			name = Release;
		};
/* End XCBuildConfiguration section */

/* Begin XCConfigurationList section */
		BCFA85F5276BAF5E009C6AA7 /* Build configuration list for PBXProject "ListPublicRepositoriesWithGithub" */ = {
			isa = XCConfigurationList;
			buildConfigurations = (
				BCFA860C276BAF5F009C6AA7 /* Debug */,
				BCFA860D276BAF5F009C6AA7 /* Release */,
			);
			defaultConfigurationIsVisible = 0;
			defaultConfigurationName = Release;
		};
		BCFA860E276BAF5F009C6AA7 /* Build configuration list for PBXNativeTarget "ListPublicRepositoriesWithGithub" */ = {
			isa = XCConfigurationList;
			buildConfigurations = (
				BCFA860F276BAF5F009C6AA7 /* Debug */,
				BCFA8610276BAF5F009C6AA7 /* Release */,
			);
			defaultConfigurationIsVisible = 0;
			defaultConfigurationName = Release;
		};
/* End XCConfigurationList section */
	};
	rootObject = BCFA85F2276BAF5E009C6AA7 /* Project object */;
}
